
Microsoft Visual Studio Solution File, Format Version 12.00
# Visual Studio Version 17
VisualStudioVersion = 17.2.32616.157
MinimumVisualStudioVersion = 10.0.40219.1
Project("{8BC9CEB8-8B4A-11D0-8D11-00A0C91BC942}") = "Duplicador_A", "Duplicador_A\Duplicador_A.vcxproj", "{D52DC917-F83D-464C-B68A-93AE2EFA4B31}"
EndProject
Project("{8BC9CEB8-8B4A-11D0-8D11-00A0C91BC942}") = "Duplicador_B", "Duplicador_B\Duplicador_B.vcxproj", "{B1A11FB3-CE24-44AD-8734-46BF396BE5A0}"
EndProject
Project("{8BC9CEB8-8B4A-11D0-8D11-00A0C91BC942}") = "Numero_de_maximos", "Numero_de_maximos\Numero_de_maximos.vcxproj", "{83FD73FC-DCCC-46C2-9F05-B156DDBAD529}"
EndProject
Project("{8BC9CEB8-8B4A-11D0-8D11-00A0C91BC942}") = "Esta_bien_dividido_el_vector", "Esta_bien_dividido_el_vector\Esta_bien_dividido_el_vector.vcxproj", "{3F2AC251-D639-41D0-B1C7-3AC8CE9AC18A}"
EndProject
Project("{8BC9CEB8-8B4A-11D0-8D11-00A0C91BC942}") = "Ultima_vez_que", "Ultima_vez_que\Ultima_vez_que.vcxproj", "{E7C535E6-F732-4671-AF5E-5C265F07F94A}"
EndProject
Project("{8BC9CEB8-8B4A-11D0-8D11-00A0C91BC942}") = "Los_hermanos_Dalton", "Los_hermanos_Dalton\Los_hermanos_Dalton.vcxproj", "{4DBA764B-FCF9-440A-82DC-F405E5658F6B}"
EndProject
Project("{8BC9CEB8-8B4A-11D0-8D11-00A0C91BC942}") = "Un_Movil_Nuevo", "Un_Movil_Nuevo\Un_Movil_Nuevo.vcxproj", "{5DF30C92-1BB7-4ECD-958F-22E0AEE69103}"
EndProject
Project("{8BC9CEB8-8B4A-11D0-8D11-00A0C91BC942}") = "Evolucion_de_los_beneficios", "Evolucion_de_los_beneficios\Evolucion_de_los_beneficios.vcxproj", "{617F337B-0319-4744-ABA4-B868F26CAD5B}"
EndProject
Project("{8BC9CEB8-8B4A-11D0-8D11-00A0C91BC942}") = "Rescate_aereo_1", "Rescate_aereo_1\Rescate_aereo_1.vcxproj", "{4CE81243-44DB-4FB5-95B1-38709D241320}"
EndProject
Project("{8BC9CEB8-8B4A-11D0-8D11-00A0C91BC942}") = "Reservas_de_elefantes", "Reservas_de_elefantes\Reservas_de_elefantes.vcxproj", "{24792070-72A5-44EF-81A3-4123A6CE54D6}"
EndProject
Project("{8BC9CEB8-8B4A-11D0-8D11-00A0C91BC942}") = "Mejorando_las_carreteras", "Mejorando_las_carreteras\Mejorando_las_carreteras.vcxproj", "{00F0803D-9A2D-4401-A85D-E01110339CAC}"
EndProject
Project("{8BC9CEB8-8B4A-11D0-8D11-00A0C91BC942}") = "Viajes_a_Marte", "Viajes_a_Marte\Viajes_a_Marte.vcxproj", "{5461BD4D-F58F-4352-804E-C71CF166352F}"
EndProject
Project("{8BC9CEB8-8B4A-11D0-8D11-00A0C91BC942}") = "Releyendo_un_libro", "Releyendo_un_libro\Releyendo_un_libro.vcxproj", "{C92C248B-DD1E-438E-A9E3-F699792C58C4}"
EndProject
Project("{8BC9CEB8-8B4A-11D0-8D11-00A0C91BC942}") = "Cenando_con_los_amigos", "Cenando_con_los_amigos\Cenando_con_los_amigos.vcxproj", "{0C69C775-AFA5-4E65-9AFB-3610062B9A26}"
EndProject
Project("{8BC9CEB8-8B4A-11D0-8D11-00A0C91BC942}") = "Contabilidad", "Contabilidad\Contabilidad.vcxproj", "{EE269582-DC20-4CC6-BC54-C3989847BDAE}"
EndProject
Project("{8BC9CEB8-8B4A-11D0-8D11-00A0C91BC942}") = "Mejorar_tu_mejor_marca", "Mejorar_tu_mejor_marca\Mejorar_tu_mejor_marca.vcxproj", "{1A3B9BE0-53EA-4C49-A06B-71939041B6DE}"
EndProject
Project("{8BC9CEB8-8B4A-11D0-8D11-00A0C91BC942}") = "EliminarDatosErroneos_Sensores", "EliminarDatosErroneos_Sensores\EliminarDatosErroneos_Sensores.vcxproj", "{4016B31B-2982-488D-953D-F2C96714BD53}"
EndProject
Project("{8BC9CEB8-8B4A-11D0-8D11-00A0C91BC942}") = "Todos_con_la_seleccion", "Todos_con_la_seleccion\Todos_con_la_seleccion.vcxproj", "{243F283A-AFF8-40DD-9F02-1073F092E50F}"
EndProject
Project("{8BC9CEB8-8B4A-11D0-8D11-00A0C91BC942}") = "Vector_parcialmente_ordenado", "Vector_parcialmente_ordenado\Vector_parcialmente_ordenado.vcxproj", "{2EF4F399-C3B8-4A72-B39F-F262C465E2E7}"
EndProject
Project("{8BC9CEB8-8B4A-11D0-8D11-00A0C91BC942}") = "Invertir_Un_Numero", "Invertir_Un_Numero\Invertir_Un_Numero.vcxproj", "{F9EE2FF6-192E-43D9-9EFE-B9E89859A971}"
EndProject
Project("{8BC9CEB8-8B4A-11D0-8D11-00A0C91BC942}") = "Numero_con_cifras_decrecientes", "Numero_con_cifras_decrecientes\Numero_con_cifras_decrecientes.vcxproj", "{A1859359-A044-4180-96BA-3D6253ED516C}"
EndProject
Project("{8BC9CEB8-8B4A-11D0-8D11-00A0C91BC942}") = "Cintas_de_colores", "Cintas_de_colores\Cintas_de_colores.vcxproj", "{32002551-3C60-4657-82E8-48A7D91643F7}"
EndProject
Project("{8BC9CEB8-8B4A-11D0-8D11-00A0C91BC942}") = "Numeros_caucasicos", "Numeros_caucasicos\Numeros_caucasicos.vcxproj", "{7171C9E6-C8DC-4F3A-A291-F45A54585132}"
EndProject
Project("{8BC9CEB8-8B4A-11D0-8D11-00A0C91BC942}") = "Digitos_complementarios", "Digitos_complementarios\Digitos_complementarios.vcxproj", "{3AEA05A5-4643-49F0-81C3-932406237459}"
EndProject
Project("{8BC9CEB8-8B4A-11D0-8D11-00A0C91BC942}") = "Lucky_Lucke_en_busca_del_culpable", "Lucky_Lucke_en_busca_del_culpable\Lucky_Lucke_en_busca_del_culpable.vcxproj", "{911F321D-E87C-445F-899F-2D5C33BEC334}"
EndProject
Project("{8BC9CEB8-8B4A-11D0-8D11-00A0C91BC942}") = "BuscarImpar", "BuscarImpar\BuscarImpar.vcxproj", "{880C49CF-7F33-44CF-90D6-EB705C340A37}"
EndProject
Project("{8BC9CEB8-8B4A-11D0-8D11-00A0C91BC942}") = "Luces_de_Navidad", "Luces_de_Navidad\Luces_de_Navidad.vcxproj", "{528F157D-EEA6-4D63-B809-FB964A1A5990}"
EndProject
Project("{8BC9CEB8-8B4A-11D0-8D11-00A0C91BC942}") = "Sumar_dos_numeros_digito_a_digito", "Sumar_dos_numeros_digito_a_digito\Sumar_dos_numeros_digito_a_digito.vcxproj", "{45F1EA91-292A-4B07-BC36-6408CCC57571}"
EndProject
Project("{8BC9CEB8-8B4A-11D0-8D11-00A0C91BC942}") = "Fuga_de_la_prision", "Fuga_de_la_prision\Fuga_de_la_prision.vcxproj", "{989ECA28-9EA4-4EB1-AF0E-755ACA5BF0CB}"
EndProject
Project("{8BC9CEB8-8B4A-11D0-8D11-00A0C91BC942}") = "Enero2021_Iterativo", "Enero2021_Iterativo\Enero2021_Iterativo.vcxproj", "{D5FED25D-88BE-42B5-B928-8D38C976BD20}"
EndProject
Project("{8BC9CEB8-8B4A-11D0-8D11-00A0C91BC942}") = "Enero2022_Iterativo", "Enero2022_Iterativo\Enero2022_Iterativo.vcxproj", "{BF290229-F52A-46DA-A8CD-B91809B7D9B8}"
EndProject
Project("{8BC9CEB8-8B4A-11D0-8D11-00A0C91BC942}") = "Enero2022_Recursivo", "Enero2022_Recursivo\Enero2022_Recursivo.vcxproj", "{56B40A18-059A-45D1-B792-FCA0AC5EDD1E}"
EndProject
Project("{8BC9CEB8-8B4A-11D0-8D11-00A0C91BC942}") = "Enero2021_Recursivo", "Enero2021_Recursivo\Enero2021_Recursivo.vcxproj", "{5BACB3BB-8FE1-4BFA-834D-5968AE7B15BF}"
EndProject
Project("{8BC9CEB8-8B4A-11D0-8D11-00A0C91BC942}") = "Enero2019_Recursivo", "Enero2019_Recursivo\Enero2019_Recursivo.vcxproj", "{79E274C8-8D50-49A0-81F5-CD5248AC1D89}"
EndProject
Project("{8BC9CEB8-8B4A-11D0-8D11-00A0C91BC942}") = "Las_N_reinas", "Las_N_reinas\Las_N_reinas.vcxproj", "{51D4108A-AF1C-41C9-A894-AA6A6395A6F1}"
EndProject
Project("{8BC9CEB8-8B4A-11D0-8D11-00A0C91BC942}") = "Torres_y_reinas_Noticias_de_Inglaterra", "Torres_y_reinas_Noticias_de_Inglaterra\Torres_y_reinas_Noticias_de_Inglaterra.vcxproj", "{6D519134-C343-43D2-A24A-BF7E220FE419}"
EndProject
Project("{8BC9CEB8-8B4A-11D0-8D11-00A0C91BC942}") = "Travesia_en_canoa", "Travesia_en_canoa\Travesia_en_canoa.vcxproj", "{04C3A28B-6D37-4DC8-B118-658BB60AA5FD}"
EndProject
Global
	GlobalSection(SolutionConfigurationPlatforms) = preSolution
		Debug|x64 = Debug|x64
		Debug|x86 = Debug|x86
		Release|x64 = Release|x64
		Release|x86 = Release|x86
	EndGlobalSection
	GlobalSection(ProjectConfigurationPlatforms) = postSolution
		{D52DC917-F83D-464C-B68A-93AE2EFA4B31}.Debug|x64.ActiveCfg = Debug|x64
		{D52DC917-F83D-464C-B68A-93AE2EFA4B31}.Debug|x64.Build.0 = Debug|x64
		{D52DC917-F83D-464C-B68A-93AE2EFA4B31}.Debug|x86.ActiveCfg = Debug|Win32
		{D52DC917-F83D-464C-B68A-93AE2EFA4B31}.Debug|x86.Build.0 = Debug|Win32
		{D52DC917-F83D-464C-B68A-93AE2EFA4B31}.Release|x64.ActiveCfg = Release|x64
		{D52DC917-F83D-464C-B68A-93AE2EFA4B31}.Release|x64.Build.0 = Release|x64
		{D52DC917-F83D-464C-B68A-93AE2EFA4B31}.Release|x86.ActiveCfg = Release|Win32
		{D52DC917-F83D-464C-B68A-93AE2EFA4B31}.Release|x86.Build.0 = Release|Win32
		{B1A11FB3-CE24-44AD-8734-46BF396BE5A0}.Debug|x64.ActiveCfg = Debug|x64
		{B1A11FB3-CE24-44AD-8734-46BF396BE5A0}.Debug|x64.Build.0 = Debug|x64
		{B1A11FB3-CE24-44AD-8734-46BF396BE5A0}.Debug|x86.ActiveCfg = Debug|Win32
		{B1A11FB3-CE24-44AD-8734-46BF396BE5A0}.Debug|x86.Build.0 = Debug|Win32
		{B1A11FB3-CE24-44AD-8734-46BF396BE5A0}.Release|x64.ActiveCfg = Release|x64
		{B1A11FB3-CE24-44AD-8734-46BF396BE5A0}.Release|x64.Build.0 = Release|x64
		{B1A11FB3-CE24-44AD-8734-46BF396BE5A0}.Release|x86.ActiveCfg = Release|Win32
		{B1A11FB3-CE24-44AD-8734-46BF396BE5A0}.Release|x86.Build.0 = Release|Win32
		{83FD73FC-DCCC-46C2-9F05-B156DDBAD529}.Debug|x64.ActiveCfg = Debug|x64
		{83FD73FC-DCCC-46C2-9F05-B156DDBAD529}.Debug|x64.Build.0 = Debug|x64
		{83FD73FC-DCCC-46C2-9F05-B156DDBAD529}.Debug|x86.ActiveCfg = Debug|Win32
		{83FD73FC-DCCC-46C2-9F05-B156DDBAD529}.Debug|x86.Build.0 = Debug|Win32
		{83FD73FC-DCCC-46C2-9F05-B156DDBAD529}.Release|x64.ActiveCfg = Release|x64
		{83FD73FC-DCCC-46C2-9F05-B156DDBAD529}.Release|x64.Build.0 = Release|x64
		{83FD73FC-DCCC-46C2-9F05-B156DDBAD529}.Release|x86.ActiveCfg = Release|Win32
		{83FD73FC-DCCC-46C2-9F05-B156DDBAD529}.Release|x86.Build.0 = Release|Win32
		{3F2AC251-D639-41D0-B1C7-3AC8CE9AC18A}.Debug|x64.ActiveCfg = Debug|x64
		{3F2AC251-D639-41D0-B1C7-3AC8CE9AC18A}.Debug|x64.Build.0 = Debug|x64
		{3F2AC251-D639-41D0-B1C7-3AC8CE9AC18A}.Debug|x86.ActiveCfg = Debug|Win32
		{3F2AC251-D639-41D0-B1C7-3AC8CE9AC18A}.Debug|x86.Build.0 = Debug|Win32
		{3F2AC251-D639-41D0-B1C7-3AC8CE9AC18A}.Release|x64.ActiveCfg = Release|x64
		{3F2AC251-D639-41D0-B1C7-3AC8CE9AC18A}.Release|x64.Build.0 = Release|x64
		{3F2AC251-D639-41D0-B1C7-3AC8CE9AC18A}.Release|x86.ActiveCfg = Release|Win32
		{3F2AC251-D639-41D0-B1C7-3AC8CE9AC18A}.Release|x86.Build.0 = Release|Win32
		{E7C535E6-F732-4671-AF5E-5C265F07F94A}.Debug|x64.ActiveCfg = Debug|x64
		{E7C535E6-F732-4671-AF5E-5C265F07F94A}.Debug|x64.Build.0 = Debug|x64
		{E7C535E6-F732-4671-AF5E-5C265F07F94A}.Debug|x86.ActiveCfg = Debug|Win32
		{E7C535E6-F732-4671-AF5E-5C265F07F94A}.Debug|x86.Build.0 = Debug|Win32
		{E7C535E6-F732-4671-AF5E-5C265F07F94A}.Release|x64.ActiveCfg = Release|x64
		{E7C535E6-F732-4671-AF5E-5C265F07F94A}.Release|x64.Build.0 = Release|x64
		{E7C535E6-F732-4671-AF5E-5C265F07F94A}.Release|x86.ActiveCfg = Release|Win32
		{E7C535E6-F732-4671-AF5E-5C265F07F94A}.Release|x86.Build.0 = Release|Win32
		{4DBA764B-FCF9-440A-82DC-F405E5658F6B}.Debug|x64.ActiveCfg = Debug|x64
		{4DBA764B-FCF9-440A-82DC-F405E5658F6B}.Debug|x64.Build.0 = Debug|x64
		{4DBA764B-FCF9-440A-82DC-F405E5658F6B}.Debug|x86.ActiveCfg = Debug|Win32
		{4DBA764B-FCF9-440A-82DC-F405E5658F6B}.Debug|x86.Build.0 = Debug|Win32
		{4DBA764B-FCF9-440A-82DC-F405E5658F6B}.Release|x64.ActiveCfg = Release|x64
		{4DBA764B-FCF9-440A-82DC-F405E5658F6B}.Release|x64.Build.0 = Release|x64
		{4DBA764B-FCF9-440A-82DC-F405E5658F6B}.Release|x86.ActiveCfg = Release|Win32
		{4DBA764B-FCF9-440A-82DC-F405E5658F6B}.Release|x86.Build.0 = Release|Win32
		{5DF30C92-1BB7-4ECD-958F-22E0AEE69103}.Debug|x64.ActiveCfg = Debug|x64
		{5DF30C92-1BB7-4ECD-958F-22E0AEE69103}.Debug|x64.Build.0 = Debug|x64
		{5DF30C92-1BB7-4ECD-958F-22E0AEE69103}.Debug|x86.ActiveCfg = Debug|Win32
		{5DF30C92-1BB7-4ECD-958F-22E0AEE69103}.Debug|x86.Build.0 = Debug|Win32
		{5DF30C92-1BB7-4ECD-958F-22E0AEE69103}.Release|x64.ActiveCfg = Release|x64
		{5DF30C92-1BB7-4ECD-958F-22E0AEE69103}.Release|x64.Build.0 = Release|x64
		{5DF30C92-1BB7-4ECD-958F-22E0AEE69103}.Release|x86.ActiveCfg = Release|Win32
		{5DF30C92-1BB7-4ECD-958F-22E0AEE69103}.Release|x86.Build.0 = Release|Win32
		{617F337B-0319-4744-ABA4-B868F26CAD5B}.Debug|x64.ActiveCfg = Debug|x64
		{617F337B-0319-4744-ABA4-B868F26CAD5B}.Debug|x64.Build.0 = Debug|x64
		{617F337B-0319-4744-ABA4-B868F26CAD5B}.Debug|x86.ActiveCfg = Debug|Win32
		{617F337B-0319-4744-ABA4-B868F26CAD5B}.Debug|x86.Build.0 = Debug|Win32
		{617F337B-0319-4744-ABA4-B868F26CAD5B}.Release|x64.ActiveCfg = Release|x64
		{617F337B-0319-4744-ABA4-B868F26CAD5B}.Release|x64.Build.0 = Release|x64
		{617F337B-0319-4744-ABA4-B868F26CAD5B}.Release|x86.ActiveCfg = Release|Win32
		{617F337B-0319-4744-ABA4-B868F26CAD5B}.Release|x86.Build.0 = Release|Win32
		{4CE81243-44DB-4FB5-95B1-38709D241320}.Debug|x64.ActiveCfg = Debug|x64
		{4CE81243-44DB-4FB5-95B1-38709D241320}.Debug|x64.Build.0 = Debug|x64
		{4CE81243-44DB-4FB5-95B1-38709D241320}.Debug|x86.ActiveCfg = Debug|Win32
		{4CE81243-44DB-4FB5-95B1-38709D241320}.Debug|x86.Build.0 = Debug|Win32
		{4CE81243-44DB-4FB5-95B1-38709D241320}.Release|x64.ActiveCfg = Release|x64
		{4CE81243-44DB-4FB5-95B1-38709D241320}.Release|x64.Build.0 = Release|x64
		{4CE81243-44DB-4FB5-95B1-38709D241320}.Release|x86.ActiveCfg = Release|Win32
		{4CE81243-44DB-4FB5-95B1-38709D241320}.Release|x86.Build.0 = Release|Win32
		{24792070-72A5-44EF-81A3-4123A6CE54D6}.Debug|x64.ActiveCfg = Debug|x64
		{24792070-72A5-44EF-81A3-4123A6CE54D6}.Debug|x64.Build.0 = Debug|x64
		{24792070-72A5-44EF-81A3-4123A6CE54D6}.Debug|x86.ActiveCfg = Debug|Win32
		{24792070-72A5-44EF-81A3-4123A6CE54D6}.Debug|x86.Build.0 = Debug|Win32
		{24792070-72A5-44EF-81A3-4123A6CE54D6}.Release|x64.ActiveCfg = Release|x64
		{24792070-72A5-44EF-81A3-4123A6CE54D6}.Release|x64.Build.0 = Release|x64
		{24792070-72A5-44EF-81A3-4123A6CE54D6}.Release|x86.ActiveCfg = Release|Win32
		{24792070-72A5-44EF-81A3-4123A6CE54D6}.Release|x86.Build.0 = Release|Win32
		{00F0803D-9A2D-4401-A85D-E01110339CAC}.Debug|x64.ActiveCfg = Debug|x64
		{00F0803D-9A2D-4401-A85D-E01110339CAC}.Debug|x64.Build.0 = Debug|x64
		{00F0803D-9A2D-4401-A85D-E01110339CAC}.Debug|x86.ActiveCfg = Debug|Win32
		{00F0803D-9A2D-4401-A85D-E01110339CAC}.Debug|x86.Build.0 = Debug|Win32
		{00F0803D-9A2D-4401-A85D-E01110339CAC}.Release|x64.ActiveCfg = Release|x64
		{00F0803D-9A2D-4401-A85D-E01110339CAC}.Release|x64.Build.0 = Release|x64
		{00F0803D-9A2D-4401-A85D-E01110339CAC}.Release|x86.ActiveCfg = Release|Win32
		{00F0803D-9A2D-4401-A85D-E01110339CAC}.Release|x86.Build.0 = Release|Win32
		{5461BD4D-F58F-4352-804E-C71CF166352F}.Debug|x64.ActiveCfg = Debug|x64
		{5461BD4D-F58F-4352-804E-C71CF166352F}.Debug|x64.Build.0 = Debug|x64
		{5461BD4D-F58F-4352-804E-C71CF166352F}.Debug|x86.ActiveCfg = Debug|Win32
		{5461BD4D-F58F-4352-804E-C71CF166352F}.Debug|x86.Build.0 = Debug|Win32
		{5461BD4D-F58F-4352-804E-C71CF166352F}.Release|x64.ActiveCfg = Release|x64
		{5461BD4D-F58F-4352-804E-C71CF166352F}.Release|x64.Build.0 = Release|x64
		{5461BD4D-F58F-4352-804E-C71CF166352F}.Release|x86.ActiveCfg = Release|Win32
		{5461BD4D-F58F-4352-804E-C71CF166352F}.Release|x86.Build.0 = Release|Win32
		{C92C248B-DD1E-438E-A9E3-F699792C58C4}.Debug|x64.ActiveCfg = Debug|x64
		{C92C248B-DD1E-438E-A9E3-F699792C58C4}.Debug|x64.Build.0 = Debug|x64
		{C92C248B-DD1E-438E-A9E3-F699792C58C4}.Debug|x86.ActiveCfg = Debug|Win32
		{C92C248B-DD1E-438E-A9E3-F699792C58C4}.Debug|x86.Build.0 = Debug|Win32
		{C92C248B-DD1E-438E-A9E3-F699792C58C4}.Release|x64.ActiveCfg = Release|x64
		{C92C248B-DD1E-438E-A9E3-F699792C58C4}.Release|x64.Build.0 = Release|x64
		{C92C248B-DD1E-438E-A9E3-F699792C58C4}.Release|x86.ActiveCfg = Release|Win32
		{C92C248B-DD1E-438E-A9E3-F699792C58C4}.Release|x86.Build.0 = Release|Win32
		{0C69C775-AFA5-4E65-9AFB-3610062B9A26}.Debug|x64.ActiveCfg = Debug|x64
		{0C69C775-AFA5-4E65-9AFB-3610062B9A26}.Debug|x64.Build.0 = Debug|x64
		{0C69C775-AFA5-4E65-9AFB-3610062B9A26}.Debug|x86.ActiveCfg = Debug|Win32
		{0C69C775-AFA5-4E65-9AFB-3610062B9A26}.Debug|x86.Build.0 = Debug|Win32
		{0C69C775-AFA5-4E65-9AFB-3610062B9A26}.Release|x64.ActiveCfg = Release|x64
		{0C69C775-AFA5-4E65-9AFB-3610062B9A26}.Release|x64.Build.0 = Release|x64
		{0C69C775-AFA5-4E65-9AFB-3610062B9A26}.Release|x86.ActiveCfg = Release|Win32
		{0C69C775-AFA5-4E65-9AFB-3610062B9A26}.Release|x86.Build.0 = Release|Win32
		{EE269582-DC20-4CC6-BC54-C3989847BDAE}.Debug|x64.ActiveCfg = Debug|x64
		{EE269582-DC20-4CC6-BC54-C3989847BDAE}.Debug|x64.Build.0 = Debug|x64
		{EE269582-DC20-4CC6-BC54-C3989847BDAE}.Debug|x86.ActiveCfg = Debug|Win32
		{EE269582-DC20-4CC6-BC54-C3989847BDAE}.Debug|x86.Build.0 = Debug|Win32
		{EE269582-DC20-4CC6-BC54-C3989847BDAE}.Release|x64.ActiveCfg = Release|x64
		{EE269582-DC20-4CC6-BC54-C3989847BDAE}.Release|x64.Build.0 = Release|x64
		{EE269582-DC20-4CC6-BC54-C3989847BDAE}.Release|x86.ActiveCfg = Release|Win32
		{EE269582-DC20-4CC6-BC54-C3989847BDAE}.Release|x86.Build.0 = Release|Win32
		{1A3B9BE0-53EA-4C49-A06B-71939041B6DE}.Debug|x64.ActiveCfg = Debug|x64
		{1A3B9BE0-53EA-4C49-A06B-71939041B6DE}.Debug|x64.Build.0 = Debug|x64
		{1A3B9BE0-53EA-4C49-A06B-71939041B6DE}.Debug|x86.ActiveCfg = Debug|Win32
		{1A3B9BE0-53EA-4C49-A06B-71939041B6DE}.Debug|x86.Build.0 = Debug|Win32
		{1A3B9BE0-53EA-4C49-A06B-71939041B6DE}.Release|x64.ActiveCfg = Release|x64
		{1A3B9BE0-53EA-4C49-A06B-71939041B6DE}.Release|x64.Build.0 = Release|x64
		{1A3B9BE0-53EA-4C49-A06B-71939041B6DE}.Release|x86.ActiveCfg = Release|Win32
		{1A3B9BE0-53EA-4C49-A06B-71939041B6DE}.Release|x86.Build.0 = Release|Win32
		{4016B31B-2982-488D-953D-F2C96714BD53}.Debug|x64.ActiveCfg = Debug|x64
		{4016B31B-2982-488D-953D-F2C96714BD53}.Debug|x64.Build.0 = Debug|x64
		{4016B31B-2982-488D-953D-F2C96714BD53}.Debug|x86.ActiveCfg = Debug|Win32
		{4016B31B-2982-488D-953D-F2C96714BD53}.Debug|x86.Build.0 = Debug|Win32
		{4016B31B-2982-488D-953D-F2C96714BD53}.Release|x64.ActiveCfg = Release|x64
		{4016B31B-2982-488D-953D-F2C96714BD53}.Release|x64.Build.0 = Release|x64
		{4016B31B-2982-488D-953D-F2C96714BD53}.Release|x86.ActiveCfg = Release|Win32
		{4016B31B-2982-488D-953D-F2C96714BD53}.Release|x86.Build.0 = Release|Win32
		{243F283A-AFF8-40DD-9F02-1073F092E50F}.Debug|x64.ActiveCfg = Debug|x64
		{243F283A-AFF8-40DD-9F02-1073F092E50F}.Debug|x64.Build.0 = Debug|x64
		{243F283A-AFF8-40DD-9F02-1073F092E50F}.Debug|x86.ActiveCfg = Debug|Win32
		{243F283A-AFF8-40DD-9F02-1073F092E50F}.Debug|x86.Build.0 = Debug|Win32
		{243F283A-AFF8-40DD-9F02-1073F092E50F}.Release|x64.ActiveCfg = Release|x64
		{243F283A-AFF8-40DD-9F02-1073F092E50F}.Release|x64.Build.0 = Release|x64
		{243F283A-AFF8-40DD-9F02-1073F092E50F}.Release|x86.ActiveCfg = Release|Win32
		{243F283A-AFF8-40DD-9F02-1073F092E50F}.Release|x86.Build.0 = Release|Win32
		{2EF4F399-C3B8-4A72-B39F-F262C465E2E7}.Debug|x64.ActiveCfg = Debug|x64
		{2EF4F399-C3B8-4A72-B39F-F262C465E2E7}.Debug|x64.Build.0 = Debug|x64
		{2EF4F399-C3B8-4A72-B39F-F262C465E2E7}.Debug|x86.ActiveCfg = Debug|Win32
		{2EF4F399-C3B8-4A72-B39F-F262C465E2E7}.Debug|x86.Build.0 = Debug|Win32
		{2EF4F399-C3B8-4A72-B39F-F262C465E2E7}.Release|x64.ActiveCfg = Release|x64
		{2EF4F399-C3B8-4A72-B39F-F262C465E2E7}.Release|x64.Build.0 = Release|x64
		{2EF4F399-C3B8-4A72-B39F-F262C465E2E7}.Release|x86.ActiveCfg = Release|Win32
		{2EF4F399-C3B8-4A72-B39F-F262C465E2E7}.Release|x86.Build.0 = Release|Win32
		{F9EE2FF6-192E-43D9-9EFE-B9E89859A971}.Debug|x64.ActiveCfg = Debug|x64
		{F9EE2FF6-192E-43D9-9EFE-B9E89859A971}.Debug|x64.Build.0 = Debug|x64
		{F9EE2FF6-192E-43D9-9EFE-B9E89859A971}.Debug|x86.ActiveCfg = Debug|Win32
		{F9EE2FF6-192E-43D9-9EFE-B9E89859A971}.Debug|x86.Build.0 = Debug|Win32
		{F9EE2FF6-192E-43D9-9EFE-B9E89859A971}.Release|x64.ActiveCfg = Release|x64
		{F9EE2FF6-192E-43D9-9EFE-B9E89859A971}.Release|x64.Build.0 = Release|x64
		{F9EE2FF6-192E-43D9-9EFE-B9E89859A971}.Release|x86.ActiveCfg = Release|Win32
		{F9EE2FF6-192E-43D9-9EFE-B9E89859A971}.Release|x86.Build.0 = Release|Win32
		{A1859359-A044-4180-96BA-3D6253ED516C}.Debug|x64.ActiveCfg = Debug|x64
		{A1859359-A044-4180-96BA-3D6253ED516C}.Debug|x64.Build.0 = Debug|x64
		{A1859359-A044-4180-96BA-3D6253ED516C}.Debug|x86.ActiveCfg = Debug|Win32
		{A1859359-A044-4180-96BA-3D6253ED516C}.Debug|x86.Build.0 = Debug|Win32
		{A1859359-A044-4180-96BA-3D6253ED516C}.Release|x64.ActiveCfg = Release|x64
		{A1859359-A044-4180-96BA-3D6253ED516C}.Release|x64.Build.0 = Release|x64
		{A1859359-A044-4180-96BA-3D6253ED516C}.Release|x86.ActiveCfg = Release|Win32
		{A1859359-A044-4180-96BA-3D6253ED516C}.Release|x86.Build.0 = Release|Win32
		{32002551-3C60-4657-82E8-48A7D91643F7}.Debug|x64.ActiveCfg = Debug|x64
		{32002551-3C60-4657-82E8-48A7D91643F7}.Debug|x64.Build.0 = Debug|x64
		{32002551-3C60-4657-82E8-48A7D91643F7}.Debug|x86.ActiveCfg = Debug|Win32
		{32002551-3C60-4657-82E8-48A7D91643F7}.Debug|x86.Build.0 = Debug|Win32
		{32002551-3C60-4657-82E8-48A7D91643F7}.Release|x64.ActiveCfg = Release|x64
		{32002551-3C60-4657-82E8-48A7D91643F7}.Release|x64.Build.0 = Release|x64
		{32002551-3C60-4657-82E8-48A7D91643F7}.Release|x86.ActiveCfg = Release|Win32
		{32002551-3C60-4657-82E8-48A7D91643F7}.Release|x86.Build.0 = Release|Win32
		{7171C9E6-C8DC-4F3A-A291-F45A54585132}.Debug|x64.ActiveCfg = Debug|x64
		{7171C9E6-C8DC-4F3A-A291-F45A54585132}.Debug|x64.Build.0 = Debug|x64
		{7171C9E6-C8DC-4F3A-A291-F45A54585132}.Debug|x86.ActiveCfg = Debug|Win32
		{7171C9E6-C8DC-4F3A-A291-F45A54585132}.Debug|x86.Build.0 = Debug|Win32
		{7171C9E6-C8DC-4F3A-A291-F45A54585132}.Release|x64.ActiveCfg = Release|x64
		{7171C9E6-C8DC-4F3A-A291-F45A54585132}.Release|x64.Build.0 = Release|x64
		{7171C9E6-C8DC-4F3A-A291-F45A54585132}.Release|x86.ActiveCfg = Release|Win32
		{7171C9E6-C8DC-4F3A-A291-F45A54585132}.Release|x86.Build.0 = Release|Win32
		{3AEA05A5-4643-49F0-81C3-932406237459}.Debug|x64.ActiveCfg = Debug|x64
		{3AEA05A5-4643-49F0-81C3-932406237459}.Debug|x64.Build.0 = Debug|x64
		{3AEA05A5-4643-49F0-81C3-932406237459}.Debug|x86.ActiveCfg = Debug|Win32
		{3AEA05A5-4643-49F0-81C3-932406237459}.Debug|x86.Build.0 = Debug|Win32
		{3AEA05A5-4643-49F0-81C3-932406237459}.Release|x64.ActiveCfg = Release|x64
		{3AEA05A5-4643-49F0-81C3-932406237459}.Release|x64.Build.0 = Release|x64
		{3AEA05A5-4643-49F0-81C3-932406237459}.Release|x86.ActiveCfg = Release|Win32
		{3AEA05A5-4643-49F0-81C3-932406237459}.Release|x86.Build.0 = Release|Win32
		{911F321D-E87C-445F-899F-2D5C33BEC334}.Debug|x64.ActiveCfg = Debug|x64
		{911F321D-E87C-445F-899F-2D5C33BEC334}.Debug|x64.Build.0 = Debug|x64
		{911F321D-E87C-445F-899F-2D5C33BEC334}.Debug|x86.ActiveCfg = Debug|Win32
		{911F321D-E87C-445F-899F-2D5C33BEC334}.Debug|x86.Build.0 = Debug|Win32
		{911F321D-E87C-445F-899F-2D5C33BEC334}.Release|x64.ActiveCfg = Release|x64
		{911F321D-E87C-445F-899F-2D5C33BEC334}.Release|x64.Build.0 = Release|x64
		{911F321D-E87C-445F-899F-2D5C33BEC334}.Release|x86.ActiveCfg = Release|Win32
		{911F321D-E87C-445F-899F-2D5C33BEC334}.Release|x86.Build.0 = Release|Win32
		{880C49CF-7F33-44CF-90D6-EB705C340A37}.Debug|x64.ActiveCfg = Debug|x64
		{880C49CF-7F33-44CF-90D6-EB705C340A37}.Debug|x64.Build.0 = Debug|x64
		{880C49CF-7F33-44CF-90D6-EB705C340A37}.Debug|x86.ActiveCfg = Debug|Win32
		{880C49CF-7F33-44CF-90D6-EB705C340A37}.Debug|x86.Build.0 = Debug|Win32
		{880C49CF-7F33-44CF-90D6-EB705C340A37}.Release|x64.ActiveCfg = Release|x64
		{880C49CF-7F33-44CF-90D6-EB705C340A37}.Release|x64.Build.0 = Release|x64
		{880C49CF-7F33-44CF-90D6-EB705C340A37}.Release|x86.ActiveCfg = Release|Win32
		{880C49CF-7F33-44CF-90D6-EB705C340A37}.Release|x86.Build.0 = Release|Win32
		{528F157D-EEA6-4D63-B809-FB964A1A5990}.Debug|x64.ActiveCfg = Debug|x64
		{528F157D-EEA6-4D63-B809-FB964A1A5990}.Debug|x64.Build.0 = Debug|x64
		{528F157D-EEA6-4D63-B809-FB964A1A5990}.Debug|x86.ActiveCfg = Debug|Win32
		{528F157D-EEA6-4D63-B809-FB964A1A5990}.Debug|x86.Build.0 = Debug|Win32
		{528F157D-EEA6-4D63-B809-FB964A1A5990}.Release|x64.ActiveCfg = Release|x64
		{528F157D-EEA6-4D63-B809-FB964A1A5990}.Release|x64.Build.0 = Release|x64
		{528F157D-EEA6-4D63-B809-FB964A1A5990}.Release|x86.ActiveCfg = Release|Win32
		{528F157D-EEA6-4D63-B809-FB964A1A5990}.Release|x86.Build.0 = Release|Win32
		{45F1EA91-292A-4B07-BC36-6408CCC57571}.Debug|x64.ActiveCfg = Debug|x64
		{45F1EA91-292A-4B07-BC36-6408CCC57571}.Debug|x64.Build.0 = Debug|x64
		{45F1EA91-292A-4B07-BC36-6408CCC57571}.Debug|x86.ActiveCfg = Debug|Win32
		{45F1EA91-292A-4B07-BC36-6408CCC57571}.Debug|x86.Build.0 = Debug|Win32
		{45F1EA91-292A-4B07-BC36-6408CCC57571}.Release|x64.ActiveCfg = Release|x64
		{45F1EA91-292A-4B07-BC36-6408CCC57571}.Release|x64.Build.0 = Release|x64
		{45F1EA91-292A-4B07-BC36-6408CCC57571}.Release|x86.ActiveCfg = Release|Win32
		{45F1EA91-292A-4B07-BC36-6408CCC57571}.Release|x86.Build.0 = Release|Win32
		{989ECA28-9EA4-4EB1-AF0E-755ACA5BF0CB}.Debug|x64.ActiveCfg = Debug|x64
		{989ECA28-9EA4-4EB1-AF0E-755ACA5BF0CB}.Debug|x64.Build.0 = Debug|x64
		{989ECA28-9EA4-4EB1-AF0E-755ACA5BF0CB}.Debug|x86.ActiveCfg = Debug|Win32
		{989ECA28-9EA4-4EB1-AF0E-755ACA5BF0CB}.Debug|x86.Build.0 = Debug|Win32
		{989ECA28-9EA4-4EB1-AF0E-755ACA5BF0CB}.Release|x64.ActiveCfg = Release|x64
		{989ECA28-9EA4-4EB1-AF0E-755ACA5BF0CB}.Release|x64.Build.0 = Release|x64
		{989ECA28-9EA4-4EB1-AF0E-755ACA5BF0CB}.Release|x86.ActiveCfg = Release|Win32
		{989ECA28-9EA4-4EB1-AF0E-755ACA5BF0CB}.Release|x86.Build.0 = Release|Win32
		{D5FED25D-88BE-42B5-B928-8D38C976BD20}.Debug|x64.ActiveCfg = Debug|x64
		{D5FED25D-88BE-42B5-B928-8D38C976BD20}.Debug|x64.Build.0 = Debug|x64
		{D5FED25D-88BE-42B5-B928-8D38C976BD20}.Debug|x86.ActiveCfg = Debug|Win32
		{D5FED25D-88BE-42B5-B928-8D38C976BD20}.Debug|x86.Build.0 = Debug|Win32
		{D5FED25D-88BE-42B5-B928-8D38C976BD20}.Release|x64.ActiveCfg = Release|x64
		{D5FED25D-88BE-42B5-B928-8D38C976BD20}.Release|x64.Build.0 = Release|x64
		{D5FED25D-88BE-42B5-B928-8D38C976BD20}.Release|x86.ActiveCfg = Release|Win32
		{D5FED25D-88BE-42B5-B928-8D38C976BD20}.Release|x86.Build.0 = Release|Win32
		{BF290229-F52A-46DA-A8CD-B91809B7D9B8}.Debug|x64.ActiveCfg = Debug|x64
		{BF290229-F52A-46DA-A8CD-B91809B7D9B8}.Debug|x64.Build.0 = Debug|x64
		{BF290229-F52A-46DA-A8CD-B91809B7D9B8}.Debug|x86.ActiveCfg = Debug|Win32
		{BF290229-F52A-46DA-A8CD-B91809B7D9B8}.Debug|x86.Build.0 = Debug|Win32
		{BF290229-F52A-46DA-A8CD-B91809B7D9B8}.Release|x64.ActiveCfg = Release|x64
		{BF290229-F52A-46DA-A8CD-B91809B7D9B8}.Release|x64.Build.0 = Release|x64
		{BF290229-F52A-46DA-A8CD-B91809B7D9B8}.Release|x86.ActiveCfg = Release|Win32
		{BF290229-F52A-46DA-A8CD-B91809B7D9B8}.Release|x86.Build.0 = Release|Win32
		{56B40A18-059A-45D1-B792-FCA0AC5EDD1E}.Debug|x64.ActiveCfg = Debug|x64
		{56B40A18-059A-45D1-B792-FCA0AC5EDD1E}.Debug|x64.Build.0 = Debug|x64
		{56B40A18-059A-45D1-B792-FCA0AC5EDD1E}.Debug|x86.ActiveCfg = Debug|Win32
		{56B40A18-059A-45D1-B792-FCA0AC5EDD1E}.Debug|x86.Build.0 = Debug|Win32
		{56B40A18-059A-45D1-B792-FCA0AC5EDD1E}.Release|x64.ActiveCfg = Release|x64
		{56B40A18-059A-45D1-B792-FCA0AC5EDD1E}.Release|x64.Build.0 = Release|x64
		{56B40A18-059A-45D1-B792-FCA0AC5EDD1E}.Release|x86.ActiveCfg = Release|Win32
		{56B40A18-059A-45D1-B792-FCA0AC5EDD1E}.Release|x86.Build.0 = Release|Win32
		{5BACB3BB-8FE1-4BFA-834D-5968AE7B15BF}.Debug|x64.ActiveCfg = Debug|x64
		{5BACB3BB-8FE1-4BFA-834D-5968AE7B15BF}.Debug|x64.Build.0 = Debug|x64
		{5BACB3BB-8FE1-4BFA-834D-5968AE7B15BF}.Debug|x86.ActiveCfg = Debug|Win32
		{5BACB3BB-8FE1-4BFA-834D-5968AE7B15BF}.Debug|x86.Build.0 = Debug|Win32
		{5BACB3BB-8FE1-4BFA-834D-5968AE7B15BF}.Release|x64.ActiveCfg = Release|x64
		{5BACB3BB-8FE1-4BFA-834D-5968AE7B15BF}.Release|x64.Build.0 = Release|x64
		{5BACB3BB-8FE1-4BFA-834D-5968AE7B15BF}.Release|x86.ActiveCfg = Release|Win32
		{5BACB3BB-8FE1-4BFA-834D-5968AE7B15BF}.Release|x86.Build.0 = Release|Win32
		{79E274C8-8D50-49A0-81F5-CD5248AC1D89}.Debug|x64.ActiveCfg = Debug|x64
		{79E274C8-8D50-49A0-81F5-CD5248AC1D89}.Debug|x64.Build.0 = Debug|x64
		{79E274C8-8D50-49A0-81F5-CD5248AC1D89}.Debug|x86.ActiveCfg = Debug|Win32
		{79E274C8-8D50-49A0-81F5-CD5248AC1D89}.Debug|x86.Build.0 = Debug|Win32
		{79E274C8-8D50-49A0-81F5-CD5248AC1D89}.Release|x64.ActiveCfg = Release|x64
		{79E274C8-8D50-49A0-81F5-CD5248AC1D89}.Release|x64.Build.0 = Release|x64
		{79E274C8-8D50-49A0-81F5-CD5248AC1D89}.Release|x86.ActiveCfg = Release|Win32
		{79E274C8-8D50-49A0-81F5-CD5248AC1D89}.Release|x86.Build.0 = Release|Win32
		{51D4108A-AF1C-41C9-A894-AA6A6395A6F1}.Debug|x64.ActiveCfg = Debug|x64
		{51D4108A-AF1C-41C9-A894-AA6A6395A6F1}.Debug|x64.Build.0 = Debug|x64
		{51D4108A-AF1C-41C9-A894-AA6A6395A6F1}.Debug|x86.ActiveCfg = Debug|Win32
		{51D4108A-AF1C-41C9-A894-AA6A6395A6F1}.Debug|x86.Build.0 = Debug|Win32
		{51D4108A-AF1C-41C9-A894-AA6A6395A6F1}.Release|x64.ActiveCfg = Release|x64
		{51D4108A-AF1C-41C9-A894-AA6A6395A6F1}.Release|x64.Build.0 = Release|x64
		{51D4108A-AF1C-41C9-A894-AA6A6395A6F1}.Release|x86.ActiveCfg = Release|Win32
		{51D4108A-AF1C-41C9-A894-AA6A6395A6F1}.Release|x86.Build.0 = Release|Win32
		{6D519134-C343-43D2-A24A-BF7E220FE419}.Debug|x64.ActiveCfg = Debug|x64
		{6D519134-C343-43D2-A24A-BF7E220FE419}.Debug|x64.Build.0 = Debug|x64
		{6D519134-C343-43D2-A24A-BF7E220FE419}.Debug|x86.ActiveCfg = Debug|Win32
		{6D519134-C343-43D2-A24A-BF7E220FE419}.Debug|x86.Build.0 = Debug|Win32
		{6D519134-C343-43D2-A24A-BF7E220FE419}.Release|x64.ActiveCfg = Release|x64
		{6D519134-C343-43D2-A24A-BF7E220FE419}.Release|x64.Build.0 = Release|x64
		{6D519134-C343-43D2-A24A-BF7E220FE419}.Release|x86.ActiveCfg = Release|Win32
		{6D519134-C343-43D2-A24A-BF7E220FE419}.Release|x86.Build.0 = Release|Win32
		{04C3A28B-6D37-4DC8-B118-658BB60AA5FD}.Debug|x64.ActiveCfg = Debug|x64
		{04C3A28B-6D37-4DC8-B118-658BB60AA5FD}.Debug|x64.Build.0 = Debug|x64
		{04C3A28B-6D37-4DC8-B118-658BB60AA5FD}.Debug|x86.ActiveCfg = Debug|Win32
		{04C3A28B-6D37-4DC8-B118-658BB60AA5FD}.Debug|x86.Build.0 = Debug|Win32
		{04C3A28B-6D37-4DC8-B118-658BB60AA5FD}.Release|x64.ActiveCfg = Release|x64
		{04C3A28B-6D37-4DC8-B118-658BB60AA5FD}.Release|x64.Build.0 = Release|x64
		{04C3A28B-6D37-4DC8-B118-658BB60AA5FD}.Release|x86.ActiveCfg = Release|Win32
		{04C3A28B-6D37-4DC8-B118-658BB60AA5FD}.Release|x86.Build.0 = Release|Win32
	EndGlobalSection
	GlobalSection(SolutionProperties) = preSolution
		HideSolutionNode = FALSE
	EndGlobalSection
	GlobalSection(ExtensibilityGlobals) = postSolution
		SolutionGuid = {3D1B4D8C-F16B-496E-ACB1-891FEFCF0A57}
	EndGlobalSection
EndGlobal
