
Microsoft Visual Studio Solution File, Format Version 12.00
# Visual Studio Version 17
VisualStudioVersion = 17.2.32616.157
MinimumVisualStudioVersion = 10.0.40219.1
Project("{8BC9CEB8-8B4A-11D0-8D11-00A0C91BC942}") = "Duplicador_A", "Duplicador_A\Duplicador_A.vcxproj", "{D52DC917-F83D-464C-B68A-93AE2EFA4B31}"
EndProject
Project("{8BC9CEB8-8B4A-11D0-8D11-00A0C91BC942}") = "Duplicador_B", "Duplicador_B\Duplicador_B.vcxproj", "{B1A11FB3-CE24-44AD-8734-46BF396BE5A0}"
EndProject
Project("{8BC9CEB8-8B4A-11D0-8D11-00A0C91BC942}") = "Numero_de_maximos", "Numero_de_maximos\Numero_de_maximos.vcxproj", "{83FD73FC-DCCC-46C2-9F05-B156DDBAD529}"
EndProject
Project("{8BC9CEB8-8B4A-11D0-8D11-00A0C91BC942}") = "Esta_bien_dividido_el_vector", "Esta_bien_dividido_el_vector\Esta_bien_dividido_el_vector.vcxproj", "{3F2AC251-D639-41D0-B1C7-3AC8CE9AC18A}"
EndProject
Project("{8BC9CEB8-8B4A-11D0-8D11-00A0C91BC942}") = "Ultima_vez_que", "Ultima_vez_que\Ultima_vez_que.vcxproj", "{E7C535E6-F732-4671-AF5E-5C265F07F94A}"
EndProject
Project("{8BC9CEB8-8B4A-11D0-8D11-00A0C91BC942}") = "Los_hermanos_Dalton", "Los_hermanos_Dalton\Los_hermanos_Dalton.vcxproj", "{4DBA764B-FCF9-440A-82DC-F405E5658F6B}"
EndProject
Project("{8BC9CEB8-8B4A-11D0-8D11-00A0C91BC942}") = "Un_Movil_Nuevo", "Un_Movil_Nuevo\Un_Movil_Nuevo.vcxproj", "{5DF30C92-1BB7-4ECD-958F-22E0AEE69103}"
EndProject
Project("{8BC9CEB8-8B4A-11D0-8D11-00A0C91BC942}") = "Evolucion_de_los_beneficios", "Evolucion_de_los_beneficios\Evolucion_de_los_beneficios.vcxproj", "{617F337B-0319-4744-ABA4-B868F26CAD5B}"
EndProject
Project("{8BC9CEB8-8B4A-11D0-8D11-00A0C91BC942}") = "Rescate_aereo_1", "Rescate_aereo_1\Rescate_aereo_1.vcxproj", "{4CE81243-44DB-4FB5-95B1-38709D241320}"
EndProject
Project("{8BC9CEB8-8B4A-11D0-8D11-00A0C91BC942}") = "Reservas_de_elefantes", "Reservas_de_elefantes\Reservas_de_elefantes.vcxproj", "{24792070-72A5-44EF-81A3-4123A6CE54D6}"
EndProject
Project("{8BC9CEB8-8B4A-11D0-8D11-00A0C91BC942}") = "Mejorando_las_carreteras", "Mejorando_las_carreteras\Mejorando_las_carreteras.vcxproj", "{00F0803D-9A2D-4401-A85D-E01110339CAC}"
EndProject
Project("{8BC9CEB8-8B4A-11D0-8D11-00A0C91BC942}") = "Viajes_a_Marte", "Viajes_a_Marte\Viajes_a_Marte.vcxproj", "{5461BD4D-F58F-4352-804E-C71CF166352F}"
EndProject
Project("{8BC9CEB8-8B4A-11D0-8D11-00A0C91BC942}") = "Releyendo_un_libro", "Releyendo_un_libro\Releyendo_un_libro.vcxproj", "{C92C248B-DD1E-438E-A9E3-F699792C58C4}"
EndProject
Project("{8BC9CEB8-8B4A-11D0-8D11-00A0C91BC942}") = "Cenando_con_los_amigos", "Cenando_con_los_amigos\Cenando_con_los_amigos.vcxproj", "{0C69C775-AFA5-4E65-9AFB-3610062B9A26}"
EndProject
Project("{8BC9CEB8-8B4A-11D0-8D11-00A0C91BC942}") = "Contabilidad", "Contabilidad\Contabilidad.vcxproj", "{EE269582-DC20-4CC6-BC54-C3989847BDAE}"
EndProject
Project("{8BC9CEB8-8B4A-11D0-8D11-00A0C91BC942}") = "Mejorar_tu_mejor_marca", "Mejorar_tu_mejor_marca\Mejorar_tu_mejor_marca.vcxproj", "{1A3B9BE0-53EA-4C49-A06B-71939041B6DE}"
EndProject
Project("{8BC9CEB8-8B4A-11D0-8D11-00A0C91BC942}") = "EliminarDatosErroneos_Sensores", "EliminarDatosErroneos_Sensores\EliminarDatosErroneos_Sensores.vcxproj", "{4016B31B-2982-488D-953D-F2C96714BD53}"
EndProject
Project("{8BC9CEB8-8B4A-11D0-8D11-00A0C91BC942}") = "Todos_con_la_seleccion", "Todos_con_la_seleccion\Todos_con_la_seleccion.vcxproj", "{243F283A-AFF8-40DD-9F02-1073F092E50F}"
EndProject
Project("{8BC9CEB8-8B4A-11D0-8D11-00A0C91BC942}") = "Vector_parcialmente_ordenado", "Vector_parcialmente_ordenado\Vector_parcialmente_ordenado.vcxproj", "{2EF4F399-C3B8-4A72-B39F-F262C465E2E7}"
EndProject
Project("{8BC9CEB8-8B4A-11D0-8D11-00A0C91BC942}") = "Invertir_Un_Numero", "Invertir_Un_Numero\Invertir_Un_Numero.vcxproj", "{F9EE2FF6-192E-43D9-9EFE-B9E89859A971}"
EndProject
Project("{8BC9CEB8-8B4A-11D0-8D11-00A0C91BC942}") = "Numero_con_cifras_decrecientes", "Numero_con_cifras_decrecientes\Numero_con_cifras_decrecientes.vcxproj", "{A1859359-A044-4180-96BA-3D6253ED516C}"
EndProject
Project("{8BC9CEB8-8B4A-11D0-8D11-00A0C91BC942}") = "Cintas_de_colores", "Cintas_de_colores\Cintas_de_colores.vcxproj", "{32002551-3C60-4657-82E8-48A7D91643F7}"
EndProject
Project("{8BC9CEB8-8B4A-11D0-8D11-00A0C91BC942}") = "Numeros_caucasicos", "Numeros_caucasicos\Numeros_caucasicos.vcxproj", "{7171C9E6-C8DC-4F3A-A291-F45A54585132}"
EndProject
Global
	GlobalSection(SolutionConfigurationPlatforms) = preSolution
		Debug|x64 = Debug|x64
		Debug|x86 = Debug|x86
		Release|x64 = Release|x64
		Release|x86 = Release|x86
	EndGlobalSection
	GlobalSection(ProjectConfigurationPlatforms) = postSolution
		{D52DC917-F83D-464C-B68A-93AE2EFA4B31}.Debug|x64.ActiveCfg = Debug|x64
		{D52DC917-F83D-464C-B68A-93AE2EFA4B31}.Debug|x64.Build.0 = Debug|x64
		{D52DC917-F83D-464C-B68A-93AE2EFA4B31}.Debug|x86.ActiveCfg = Debug|Win32
		{D52DC917-F83D-464C-B68A-93AE2EFA4B31}.Debug|x86.Build.0 = Debug|Win32
		{D52DC917-F83D-464C-B68A-93AE2EFA4B31}.Release|x64.ActiveCfg = Release|x64
		{D52DC917-F83D-464C-B68A-93AE2EFA4B31}.Release|x64.Build.0 = Release|x64
		{D52DC917-F83D-464C-B68A-93AE2EFA4B31}.Release|x86.ActiveCfg = Release|Win32
		{D52DC917-F83D-464C-B68A-93AE2EFA4B31}.Release|x86.Build.0 = Release|Win32
		{B1A11FB3-CE24-44AD-8734-46BF396BE5A0}.Debug|x64.ActiveCfg = Debug|x64
		{B1A11FB3-CE24-44AD-8734-46BF396BE5A0}.Debug|x64.Build.0 = Debug|x64
		{B1A11FB3-CE24-44AD-8734-46BF396BE5A0}.Debug|x86.ActiveCfg = Debug|Win32
		{B1A11FB3-CE24-44AD-8734-46BF396BE5A0}.Debug|x86.Build.0 = Debug|Win32
		{B1A11FB3-CE24-44AD-8734-46BF396BE5A0}.Release|x64.ActiveCfg = Release|x64
		{B1A11FB3-CE24-44AD-8734-46BF396BE5A0}.Release|x64.Build.0 = Release|x64
		{B1A11FB3-CE24-44AD-8734-46BF396BE5A0}.Release|x86.ActiveCfg = Release|Win32
		{B1A11FB3-CE24-44AD-8734-46BF396BE5A0}.Release|x86.Build.0 = Release|Win32
		{83FD73FC-DCCC-46C2-9F05-B156DDBAD529}.Debug|x64.ActiveCfg = Debug|x64
		{83FD73FC-DCCC-46C2-9F05-B156DDBAD529}.Debug|x64.Build.0 = Debug|x64
		{83FD73FC-DCCC-46C2-9F05-B156DDBAD529}.Debug|x86.ActiveCfg = Debug|Win32
		{83FD73FC-DCCC-46C2-9F05-B156DDBAD529}.Debug|x86.Build.0 = Debug|Win32
		{83FD73FC-DCCC-46C2-9F05-B156DDBAD529}.Release|x64.ActiveCfg = Release|x64
		{83FD73FC-DCCC-46C2-9F05-B156DDBAD529}.Release|x64.Build.0 = Release|x64
		{83FD73FC-DCCC-46C2-9F05-B156DDBAD529}.Release|x86.ActiveCfg = Release|Win32
		{83FD73FC-DCCC-46C2-9F05-B156DDBAD529}.Release|x86.Build.0 = Release|Win32
		{3F2AC251-D639-41D0-B1C7-3AC8CE9AC18A}.Debug|x64.ActiveCfg = Debug|x64
		{3F2AC251-D639-41D0-B1C7-3AC8CE9AC18A}.Debug|x64.Build.0 = Debug|x64
		{3F2AC251-D639-41D0-B1C7-3AC8CE9AC18A}.Debug|x86.ActiveCfg = Debug|Win32
		{3F2AC251-D639-41D0-B1C7-3AC8CE9AC18A}.Debug|x86.Build.0 = Debug|Win32
		{3F2AC251-D639-41D0-B1C7-3AC8CE9AC18A}.Release|x64.ActiveCfg = Release|x64
		{3F2AC251-D639-41D0-B1C7-3AC8CE9AC18A}.Release|x64.Build.0 = Release|x64
		{3F2AC251-D639-41D0-B1C7-3AC8CE9AC18A}.Release|x86.ActiveCfg = Release|Win32
		{3F2AC251-D639-41D0-B1C7-3AC8CE9AC18A}.Release|x86.Build.0 = Release|Win32
		{E7C535E6-F732-4671-AF5E-5C265F07F94A}.Debug|x64.ActiveCfg = Debug|x64
		{E7C535E6-F732-4671-AF5E-5C265F07F94A}.Debug|x64.Build.0 = Debug|x64
		{E7C535E6-F732-4671-AF5E-5C265F07F94A}.Debug|x86.ActiveCfg = Debug|Win32
		{E7C535E6-F732-4671-AF5E-5C265F07F94A}.Debug|x86.Build.0 = Debug|Win32
		{E7C535E6-F732-4671-AF5E-5C265F07F94A}.Release|x64.ActiveCfg = Release|x64
		{E7C535E6-F732-4671-AF5E-5C265F07F94A}.Release|x64.Build.0 = Release|x64
		{E7C535E6-F732-4671-AF5E-5C265F07F94A}.Release|x86.ActiveCfg = Release|Win32
		{E7C535E6-F732-4671-AF5E-5C265F07F94A}.Release|x86.Build.0 = Release|Win32
		{4DBA764B-FCF9-440A-82DC-F405E5658F6B}.Debug|x64.ActiveCfg = Debug|x64
		{4DBA764B-FCF9-440A-82DC-F405E5658F6B}.Debug|x64.Build.0 = Debug|x64
		{4DBA764B-FCF9-440A-82DC-F405E5658F6B}.Debug|x86.ActiveCfg = Debug|Win32
		{4DBA764B-FCF9-440A-82DC-F405E5658F6B}.Debug|x86.Build.0 = Debug|Win32
		{4DBA764B-FCF9-440A-82DC-F405E5658F6B}.Release|x64.ActiveCfg = Release|x64
		{4DBA764B-FCF9-440A-82DC-F405E5658F6B}.Release|x64.Build.0 = Release|x64
		{4DBA764B-FCF9-440A-82DC-F405E5658F6B}.Release|x86.ActiveCfg = Release|Win32
		{4DBA764B-FCF9-440A-82DC-F405E5658F6B}.Release|x86.Build.0 = Release|Win32
		{5DF30C92-1BB7-4ECD-958F-22E0AEE69103}.Debug|x64.ActiveCfg = Debug|x64
		{5DF30C92-1BB7-4ECD-958F-22E0AEE69103}.Debug|x64.Build.0 = Debug|x64
		{5DF30C92-1BB7-4ECD-958F-22E0AEE69103}.Debug|x86.ActiveCfg = Debug|Win32
		{5DF30C92-1BB7-4ECD-958F-22E0AEE69103}.Debug|x86.Build.0 = Debug|Win32
		{5DF30C92-1BB7-4ECD-958F-22E0AEE69103}.Release|x64.ActiveCfg = Release|x64
		{5DF30C92-1BB7-4ECD-958F-22E0AEE69103}.Release|x64.Build.0 = Release|x64
		{5DF30C92-1BB7-4ECD-958F-22E0AEE69103}.Release|x86.ActiveCfg = Release|Win32
		{5DF30C92-1BB7-4ECD-958F-22E0AEE69103}.Release|x86.Build.0 = Release|Win32
		{617F337B-0319-4744-ABA4-B868F26CAD5B}.Debug|x64.ActiveCfg = Debug|x64
		{617F337B-0319-4744-ABA4-B868F26CAD5B}.Debug|x64.Build.0 = Debug|x64
		{617F337B-0319-4744-ABA4-B868F26CAD5B}.Debug|x86.ActiveCfg = Debug|Win32
		{617F337B-0319-4744-ABA4-B868F26CAD5B}.Debug|x86.Build.0 = Debug|Win32
		{617F337B-0319-4744-ABA4-B868F26CAD5B}.Release|x64.ActiveCfg = Release|x64
		{617F337B-0319-4744-ABA4-B868F26CAD5B}.Release|x64.Build.0 = Release|x64
		{617F337B-0319-4744-ABA4-B868F26CAD5B}.Release|x86.ActiveCfg = Release|Win32
		{617F337B-0319-4744-ABA4-B868F26CAD5B}.Release|x86.Build.0 = Release|Win32
		{4CE81243-44DB-4FB5-95B1-38709D241320}.Debug|x64.ActiveCfg = Debug|x64
		{4CE81243-44DB-4FB5-95B1-38709D241320}.Debug|x64.Build.0 = Debug|x64
		{4CE81243-44DB-4FB5-95B1-38709D241320}.Debug|x86.ActiveCfg = Debug|Win32
		{4CE81243-44DB-4FB5-95B1-38709D241320}.Debug|x86.Build.0 = Debug|Win32
		{4CE81243-44DB-4FB5-95B1-38709D241320}.Release|x64.ActiveCfg = Release|x64
		{4CE81243-44DB-4FB5-95B1-38709D241320}.Release|x64.Build.0 = Release|x64
		{4CE81243-44DB-4FB5-95B1-38709D241320}.Release|x86.ActiveCfg = Release|Win32
		{4CE81243-44DB-4FB5-95B1-38709D241320}.Release|x86.Build.0 = Release|Win32
		{24792070-72A5-44EF-81A3-4123A6CE54D6}.Debug|x64.ActiveCfg = Debug|x64
		{24792070-72A5-44EF-81A3-4123A6CE54D6}.Debug|x64.Build.0 = Debug|x64
		{24792070-72A5-44EF-81A3-4123A6CE54D6}.Debug|x86.ActiveCfg = Debug|Win32
		{24792070-72A5-44EF-81A3-4123A6CE54D6}.Debug|x86.Build.0 = Debug|Win32
		{24792070-72A5-44EF-81A3-4123A6CE54D6}.Release|x64.ActiveCfg = Release|x64
		{24792070-72A5-44EF-81A3-4123A6CE54D6}.Release|x64.Build.0 = Release|x64
		{24792070-72A5-44EF-81A3-4123A6CE54D6}.Release|x86.ActiveCfg = Release|Win32
		{24792070-72A5-44EF-81A3-4123A6CE54D6}.Release|x86.Build.0 = Release|Win32
		{00F0803D-9A2D-4401-A85D-E01110339CAC}.Debug|x64.ActiveCfg = Debug|x64
		{00F0803D-9A2D-4401-A85D-E01110339CAC}.Debug|x64.Build.0 = Debug|x64
		{00F0803D-9A2D-4401-A85D-E01110339CAC}.Debug|x86.ActiveCfg = Debug|Win32
		{00F0803D-9A2D-4401-A85D-E01110339CAC}.Debug|x86.Build.0 = Debug|Win32
		{00F0803D-9A2D-4401-A85D-E01110339CAC}.Release|x64.ActiveCfg = Release|x64
		{00F0803D-9A2D-4401-A85D-E01110339CAC}.Release|x64.Build.0 = Release|x64
		{00F0803D-9A2D-4401-A85D-E01110339CAC}.Release|x86.ActiveCfg = Release|Win32
		{00F0803D-9A2D-4401-A85D-E01110339CAC}.Release|x86.Build.0 = Release|Win32
		{5461BD4D-F58F-4352-804E-C71CF166352F}.Debug|x64.ActiveCfg = Debug|x64
		{5461BD4D-F58F-4352-804E-C71CF166352F}.Debug|x64.Build.0 = Debug|x64
		{5461BD4D-F58F-4352-804E-C71CF166352F}.Debug|x86.ActiveCfg = Debug|Win32
		{5461BD4D-F58F-4352-804E-C71CF166352F}.Debug|x86.Build.0 = Debug|Win32
		{5461BD4D-F58F-4352-804E-C71CF166352F}.Release|x64.ActiveCfg = Release|x64
		{5461BD4D-F58F-4352-804E-C71CF166352F}.Release|x64.Build.0 = Release|x64
		{5461BD4D-F58F-4352-804E-C71CF166352F}.Release|x86.ActiveCfg = Release|Win32
		{5461BD4D-F58F-4352-804E-C71CF166352F}.Release|x86.Build.0 = Release|Win32
		{C92C248B-DD1E-438E-A9E3-F699792C58C4}.Debug|x64.ActiveCfg = Debug|x64
		{C92C248B-DD1E-438E-A9E3-F699792C58C4}.Debug|x64.Build.0 = Debug|x64
		{C92C248B-DD1E-438E-A9E3-F699792C58C4}.Debug|x86.ActiveCfg = Debug|Win32
		{C92C248B-DD1E-438E-A9E3-F699792C58C4}.Debug|x86.Build.0 = Debug|Win32
		{C92C248B-DD1E-438E-A9E3-F699792C58C4}.Release|x64.ActiveCfg = Release|x64
		{C92C248B-DD1E-438E-A9E3-F699792C58C4}.Release|x64.Build.0 = Release|x64
		{C92C248B-DD1E-438E-A9E3-F699792C58C4}.Release|x86.ActiveCfg = Release|Win32
		{C92C248B-DD1E-438E-A9E3-F699792C58C4}.Release|x86.Build.0 = Release|Win32
		{0C69C775-AFA5-4E65-9AFB-3610062B9A26}.Debug|x64.ActiveCfg = Debug|x64
		{0C69C775-AFA5-4E65-9AFB-3610062B9A26}.Debug|x64.Build.0 = Debug|x64
		{0C69C775-AFA5-4E65-9AFB-3610062B9A26}.Debug|x86.ActiveCfg = Debug|Win32
		{0C69C775-AFA5-4E65-9AFB-3610062B9A26}.Debug|x86.Build.0 = Debug|Win32
		{0C69C775-AFA5-4E65-9AFB-3610062B9A26}.Release|x64.ActiveCfg = Release|x64
		{0C69C775-AFA5-4E65-9AFB-3610062B9A26}.Release|x64.Build.0 = Release|x64
		{0C69C775-AFA5-4E65-9AFB-3610062B9A26}.Release|x86.ActiveCfg = Release|Win32
		{0C69C775-AFA5-4E65-9AFB-3610062B9A26}.Release|x86.Build.0 = Release|Win32
		{EE269582-DC20-4CC6-BC54-C3989847BDAE}.Debug|x64.ActiveCfg = Debug|x64
		{EE269582-DC20-4CC6-BC54-C3989847BDAE}.Debug|x64.Build.0 = Debug|x64
		{EE269582-DC20-4CC6-BC54-C3989847BDAE}.Debug|x86.ActiveCfg = Debug|Win32
		{EE269582-DC20-4CC6-BC54-C3989847BDAE}.Debug|x86.Build.0 = Debug|Win32
		{EE269582-DC20-4CC6-BC54-C3989847BDAE}.Release|x64.ActiveCfg = Release|x64
		{EE269582-DC20-4CC6-BC54-C3989847BDAE}.Release|x64.Build.0 = Release|x64
		{EE269582-DC20-4CC6-BC54-C3989847BDAE}.Release|x86.ActiveCfg = Release|Win32
		{EE269582-DC20-4CC6-BC54-C3989847BDAE}.Release|x86.Build.0 = Release|Win32
		{1A3B9BE0-53EA-4C49-A06B-71939041B6DE}.Debug|x64.ActiveCfg = Debug|x64
		{1A3B9BE0-53EA-4C49-A06B-71939041B6DE}.Debug|x64.Build.0 = Debug|x64
		{1A3B9BE0-53EA-4C49-A06B-71939041B6DE}.Debug|x86.ActiveCfg = Debug|Win32
		{1A3B9BE0-53EA-4C49-A06B-71939041B6DE}.Debug|x86.Build.0 = Debug|Win32
		{1A3B9BE0-53EA-4C49-A06B-71939041B6DE}.Release|x64.ActiveCfg = Release|x64
		{1A3B9BE0-53EA-4C49-A06B-71939041B6DE}.Release|x64.Build.0 = Release|x64
		{1A3B9BE0-53EA-4C49-A06B-71939041B6DE}.Release|x86.ActiveCfg = Release|Win32
		{1A3B9BE0-53EA-4C49-A06B-71939041B6DE}.Release|x86.Build.0 = Release|Win32
		{4016B31B-2982-488D-953D-F2C96714BD53}.Debug|x64.ActiveCfg = Debug|x64
		{4016B31B-2982-488D-953D-F2C96714BD53}.Debug|x64.Build.0 = Debug|x64
		{4016B31B-2982-488D-953D-F2C96714BD53}.Debug|x86.ActiveCfg = Debug|Win32
		{4016B31B-2982-488D-953D-F2C96714BD53}.Debug|x86.Build.0 = Debug|Win32
		{4016B31B-2982-488D-953D-F2C96714BD53}.Release|x64.ActiveCfg = Release|x64
		{4016B31B-2982-488D-953D-F2C96714BD53}.Release|x64.Build.0 = Release|x64
		{4016B31B-2982-488D-953D-F2C96714BD53}.Release|x86.ActiveCfg = Release|Win32
		{4016B31B-2982-488D-953D-F2C96714BD53}.Release|x86.Build.0 = Release|Win32
		{243F283A-AFF8-40DD-9F02-1073F092E50F}.Debug|x64.ActiveCfg = Debug|x64
		{243F283A-AFF8-40DD-9F02-1073F092E50F}.Debug|x64.Build.0 = Debug|x64
		{243F283A-AFF8-40DD-9F02-1073F092E50F}.Debug|x86.ActiveCfg = Debug|Win32
		{243F283A-AFF8-40DD-9F02-1073F092E50F}.Debug|x86.Build.0 = Debug|Win32
		{243F283A-AFF8-40DD-9F02-1073F092E50F}.Release|x64.ActiveCfg = Release|x64
		{243F283A-AFF8-40DD-9F02-1073F092E50F}.Release|x64.Build.0 = Release|x64
		{243F283A-AFF8-40DD-9F02-1073F092E50F}.Release|x86.ActiveCfg = Release|Win32
		{243F283A-AFF8-40DD-9F02-1073F092E50F}.Release|x86.Build.0 = Release|Win32
		{2EF4F399-C3B8-4A72-B39F-F262C465E2E7}.Debug|x64.ActiveCfg = Debug|x64
		{2EF4F399-C3B8-4A72-B39F-F262C465E2E7}.Debug|x64.Build.0 = Debug|x64
		{2EF4F399-C3B8-4A72-B39F-F262C465E2E7}.Debug|x86.ActiveCfg = Debug|Win32
		{2EF4F399-C3B8-4A72-B39F-F262C465E2E7}.Debug|x86.Build.0 = Debug|Win32
		{2EF4F399-C3B8-4A72-B39F-F262C465E2E7}.Release|x64.ActiveCfg = Release|x64
		{2EF4F399-C3B8-4A72-B39F-F262C465E2E7}.Release|x64.Build.0 = Release|x64
		{2EF4F399-C3B8-4A72-B39F-F262C465E2E7}.Release|x86.ActiveCfg = Release|Win32
		{2EF4F399-C3B8-4A72-B39F-F262C465E2E7}.Release|x86.Build.0 = Release|Win32
		{F9EE2FF6-192E-43D9-9EFE-B9E89859A971}.Debug|x64.ActiveCfg = Debug|x64
		{F9EE2FF6-192E-43D9-9EFE-B9E89859A971}.Debug|x64.Build.0 = Debug|x64
		{F9EE2FF6-192E-43D9-9EFE-B9E89859A971}.Debug|x86.ActiveCfg = Debug|Win32
		{F9EE2FF6-192E-43D9-9EFE-B9E89859A971}.Debug|x86.Build.0 = Debug|Win32
		{F9EE2FF6-192E-43D9-9EFE-B9E89859A971}.Release|x64.ActiveCfg = Release|x64
		{F9EE2FF6-192E-43D9-9EFE-B9E89859A971}.Release|x64.Build.0 = Release|x64
		{F9EE2FF6-192E-43D9-9EFE-B9E89859A971}.Release|x86.ActiveCfg = Release|Win32
		{F9EE2FF6-192E-43D9-9EFE-B9E89859A971}.Release|x86.Build.0 = Release|Win32
		{A1859359-A044-4180-96BA-3D6253ED516C}.Debug|x64.ActiveCfg = Debug|x64
		{A1859359-A044-4180-96BA-3D6253ED516C}.Debug|x64.Build.0 = Debug|x64
		{A1859359-A044-4180-96BA-3D6253ED516C}.Debug|x86.ActiveCfg = Debug|Win32
		{A1859359-A044-4180-96BA-3D6253ED516C}.Debug|x86.Build.0 = Debug|Win32
		{A1859359-A044-4180-96BA-3D6253ED516C}.Release|x64.ActiveCfg = Release|x64
		{A1859359-A044-4180-96BA-3D6253ED516C}.Release|x64.Build.0 = Release|x64
		{A1859359-A044-4180-96BA-3D6253ED516C}.Release|x86.ActiveCfg = Release|Win32
		{A1859359-A044-4180-96BA-3D6253ED516C}.Release|x86.Build.0 = Release|Win32
		{32002551-3C60-4657-82E8-48A7D91643F7}.Debug|x64.ActiveCfg = Debug|x64
		{32002551-3C60-4657-82E8-48A7D91643F7}.Debug|x64.Build.0 = Debug|x64
		{32002551-3C60-4657-82E8-48A7D91643F7}.Debug|x86.ActiveCfg = Debug|Win32
		{32002551-3C60-4657-82E8-48A7D91643F7}.Debug|x86.Build.0 = Debug|Win32
		{32002551-3C60-4657-82E8-48A7D91643F7}.Release|x64.ActiveCfg = Release|x64
		{32002551-3C60-4657-82E8-48A7D91643F7}.Release|x64.Build.0 = Release|x64
		{32002551-3C60-4657-82E8-48A7D91643F7}.Release|x86.ActiveCfg = Release|Win32
		{32002551-3C60-4657-82E8-48A7D91643F7}.Release|x86.Build.0 = Release|Win32
		{7171C9E6-C8DC-4F3A-A291-F45A54585132}.Debug|x64.ActiveCfg = Debug|x64
		{7171C9E6-C8DC-4F3A-A291-F45A54585132}.Debug|x64.Build.0 = Debug|x64
		{7171C9E6-C8DC-4F3A-A291-F45A54585132}.Debug|x86.ActiveCfg = Debug|Win32
		{7171C9E6-C8DC-4F3A-A291-F45A54585132}.Debug|x86.Build.0 = Debug|Win32
		{7171C9E6-C8DC-4F3A-A291-F45A54585132}.Release|x64.ActiveCfg = Release|x64
		{7171C9E6-C8DC-4F3A-A291-F45A54585132}.Release|x64.Build.0 = Release|x64
		{7171C9E6-C8DC-4F3A-A291-F45A54585132}.Release|x86.ActiveCfg = Release|Win32
		{7171C9E6-C8DC-4F3A-A291-F45A54585132}.Release|x86.Build.0 = Release|Win32
	EndGlobalSection
	GlobalSection(SolutionProperties) = preSolution
		HideSolutionNode = FALSE
	EndGlobalSection
	GlobalSection(ExtensibilityGlobals) = postSolution
		SolutionGuid = {3D1B4D8C-F16B-496E-ACB1-891FEFCF0A57}
	EndGlobalSection
EndGlobal
