
Microsoft Visual Studio Solution File, Format Version 12.00
# Visual Studio Version 17
VisualStudioVersion = 17.2.32616.157
MinimumVisualStudioVersion = 10.0.40219.1
Project("{8BC9CEB8-8B4A-11D0-8D11-00A0C91BC942}") = "Duplicador_A", "Duplicador_A\Duplicador_A.vcxproj", "{D52DC917-F83D-464C-B68A-93AE2EFA4B31}"
EndProject
Project("{8BC9CEB8-8B4A-11D0-8D11-00A0C91BC942}") = "Duplicador_B", "Duplicador_B\Duplicador_B.vcxproj", "{B1A11FB3-CE24-44AD-8734-46BF396BE5A0}"
EndProject
Project("{8BC9CEB8-8B4A-11D0-8D11-00A0C91BC942}") = "Numero_de_maximos", "Numero_de_maximos\Numero_de_maximos.vcxproj", "{83FD73FC-DCCC-46C2-9F05-B156DDBAD529}"
EndProject
Project("{8BC9CEB8-8B4A-11D0-8D11-00A0C91BC942}") = "Esta_bien_dividido_el_vector", "Esta_bien_dividido_el_vector\Esta_bien_dividido_el_vector.vcxproj", "{3F2AC251-D639-41D0-B1C7-3AC8CE9AC18A}"
EndProject
Project("{8BC9CEB8-8B4A-11D0-8D11-00A0C91BC942}") = "Ultima_vez_que", "Ultima_vez_que\Ultima_vez_que.vcxproj", "{E7C535E6-F732-4671-AF5E-5C265F07F94A}"
EndProject
Project("{8BC9CEB8-8B4A-11D0-8D11-00A0C91BC942}") = "Los_hermanos_Dalton", "Los_hermanos_Dalton\Los_hermanos_Dalton.vcxproj", "{4DBA764B-FCF9-440A-82DC-F405E5658F6B}"
EndProject
Project("{8BC9CEB8-8B4A-11D0-8D11-00A0C91BC942}") = "Un_Movil_Nuevo", "Un_Movil_Nuevo\Un_Movil_Nuevo.vcxproj", "{5DF30C92-1BB7-4ECD-958F-22E0AEE69103}"
EndProject
Global
	GlobalSection(SolutionConfigurationPlatforms) = preSolution
		Debug|x64 = Debug|x64
		Debug|x86 = Debug|x86
		Release|x64 = Release|x64
		Release|x86 = Release|x86
	EndGlobalSection
	GlobalSection(ProjectConfigurationPlatforms) = postSolution
		{D52DC917-F83D-464C-B68A-93AE2EFA4B31}.Debug|x64.ActiveCfg = Debug|x64
		{D52DC917-F83D-464C-B68A-93AE2EFA4B31}.Debug|x64.Build.0 = Debug|x64
		{D52DC917-F83D-464C-B68A-93AE2EFA4B31}.Debug|x86.ActiveCfg = Debug|Win32
		{D52DC917-F83D-464C-B68A-93AE2EFA4B31}.Debug|x86.Build.0 = Debug|Win32
		{D52DC917-F83D-464C-B68A-93AE2EFA4B31}.Release|x64.ActiveCfg = Release|x64
		{D52DC917-F83D-464C-B68A-93AE2EFA4B31}.Release|x64.Build.0 = Release|x64
		{D52DC917-F83D-464C-B68A-93AE2EFA4B31}.Release|x86.ActiveCfg = Release|Win32
		{D52DC917-F83D-464C-B68A-93AE2EFA4B31}.Release|x86.Build.0 = Release|Win32
		{B1A11FB3-CE24-44AD-8734-46BF396BE5A0}.Debug|x64.ActiveCfg = Debug|x64
		{B1A11FB3-CE24-44AD-8734-46BF396BE5A0}.Debug|x64.Build.0 = Debug|x64
		{B1A11FB3-CE24-44AD-8734-46BF396BE5A0}.Debug|x86.ActiveCfg = Debug|Win32
		{B1A11FB3-CE24-44AD-8734-46BF396BE5A0}.Debug|x86.Build.0 = Debug|Win32
		{B1A11FB3-CE24-44AD-8734-46BF396BE5A0}.Release|x64.ActiveCfg = Release|x64
		{B1A11FB3-CE24-44AD-8734-46BF396BE5A0}.Release|x64.Build.0 = Release|x64
		{B1A11FB3-CE24-44AD-8734-46BF396BE5A0}.Release|x86.ActiveCfg = Release|Win32
		{B1A11FB3-CE24-44AD-8734-46BF396BE5A0}.Release|x86.Build.0 = Release|Win32
		{83FD73FC-DCCC-46C2-9F05-B156DDBAD529}.Debug|x64.ActiveCfg = Debug|x64
		{83FD73FC-DCCC-46C2-9F05-B156DDBAD529}.Debug|x64.Build.0 = Debug|x64
		{83FD73FC-DCCC-46C2-9F05-B156DDBAD529}.Debug|x86.ActiveCfg = Debug|Win32
		{83FD73FC-DCCC-46C2-9F05-B156DDBAD529}.Debug|x86.Build.0 = Debug|Win32
		{83FD73FC-DCCC-46C2-9F05-B156DDBAD529}.Release|x64.ActiveCfg = Release|x64
		{83FD73FC-DCCC-46C2-9F05-B156DDBAD529}.Release|x64.Build.0 = Release|x64
		{83FD73FC-DCCC-46C2-9F05-B156DDBAD529}.Release|x86.ActiveCfg = Release|Win32
		{83FD73FC-DCCC-46C2-9F05-B156DDBAD529}.Release|x86.Build.0 = Release|Win32
		{3F2AC251-D639-41D0-B1C7-3AC8CE9AC18A}.Debug|x64.ActiveCfg = Debug|x64
		{3F2AC251-D639-41D0-B1C7-3AC8CE9AC18A}.Debug|x64.Build.0 = Debug|x64
		{3F2AC251-D639-41D0-B1C7-3AC8CE9AC18A}.Debug|x86.ActiveCfg = Debug|Win32
		{3F2AC251-D639-41D0-B1C7-3AC8CE9AC18A}.Debug|x86.Build.0 = Debug|Win32
		{3F2AC251-D639-41D0-B1C7-3AC8CE9AC18A}.Release|x64.ActiveCfg = Release|x64
		{3F2AC251-D639-41D0-B1C7-3AC8CE9AC18A}.Release|x64.Build.0 = Release|x64
		{3F2AC251-D639-41D0-B1C7-3AC8CE9AC18A}.Release|x86.ActiveCfg = Release|Win32
		{3F2AC251-D639-41D0-B1C7-3AC8CE9AC18A}.Release|x86.Build.0 = Release|Win32
		{E7C535E6-F732-4671-AF5E-5C265F07F94A}.Debug|x64.ActiveCfg = Debug|x64
		{E7C535E6-F732-4671-AF5E-5C265F07F94A}.Debug|x64.Build.0 = Debug|x64
		{E7C535E6-F732-4671-AF5E-5C265F07F94A}.Debug|x86.ActiveCfg = Debug|Win32
		{E7C535E6-F732-4671-AF5E-5C265F07F94A}.Debug|x86.Build.0 = Debug|Win32
		{E7C535E6-F732-4671-AF5E-5C265F07F94A}.Release|x64.ActiveCfg = Release|x64
		{E7C535E6-F732-4671-AF5E-5C265F07F94A}.Release|x64.Build.0 = Release|x64
		{E7C535E6-F732-4671-AF5E-5C265F07F94A}.Release|x86.ActiveCfg = Release|Win32
		{E7C535E6-F732-4671-AF5E-5C265F07F94A}.Release|x86.Build.0 = Release|Win32
		{4DBA764B-FCF9-440A-82DC-F405E5658F6B}.Debug|x64.ActiveCfg = Debug|x64
		{4DBA764B-FCF9-440A-82DC-F405E5658F6B}.Debug|x64.Build.0 = Debug|x64
		{4DBA764B-FCF9-440A-82DC-F405E5658F6B}.Debug|x86.ActiveCfg = Debug|Win32
		{4DBA764B-FCF9-440A-82DC-F405E5658F6B}.Debug|x86.Build.0 = Debug|Win32
		{4DBA764B-FCF9-440A-82DC-F405E5658F6B}.Release|x64.ActiveCfg = Release|x64
		{4DBA764B-FCF9-440A-82DC-F405E5658F6B}.Release|x64.Build.0 = Release|x64
		{4DBA764B-FCF9-440A-82DC-F405E5658F6B}.Release|x86.ActiveCfg = Release|Win32
		{4DBA764B-FCF9-440A-82DC-F405E5658F6B}.Release|x86.Build.0 = Release|Win32
		{5DF30C92-1BB7-4ECD-958F-22E0AEE69103}.Debug|x64.ActiveCfg = Debug|x64
		{5DF30C92-1BB7-4ECD-958F-22E0AEE69103}.Debug|x64.Build.0 = Debug|x64
		{5DF30C92-1BB7-4ECD-958F-22E0AEE69103}.Debug|x86.ActiveCfg = Debug|Win32
		{5DF30C92-1BB7-4ECD-958F-22E0AEE69103}.Debug|x86.Build.0 = Debug|Win32
		{5DF30C92-1BB7-4ECD-958F-22E0AEE69103}.Release|x64.ActiveCfg = Release|x64
		{5DF30C92-1BB7-4ECD-958F-22E0AEE69103}.Release|x64.Build.0 = Release|x64
		{5DF30C92-1BB7-4ECD-958F-22E0AEE69103}.Release|x86.ActiveCfg = Release|Win32
		{5DF30C92-1BB7-4ECD-958F-22E0AEE69103}.Release|x86.Build.0 = Release|Win32
	EndGlobalSection
	GlobalSection(SolutionProperties) = preSolution
		HideSolutionNode = FALSE
	EndGlobalSection
	GlobalSection(ExtensibilityGlobals) = postSolution
		SolutionGuid = {3D1B4D8C-F16B-496E-ACB1-891FEFCF0A57}
	EndGlobalSection
EndGlobal
